github.com/gek64/gek v1.0.5 h1:NlmhTxDhuwuGzBJCfOpRh1OuVZpBWebFRSE55d9fMiA=
github.com/gek64/gek v1.0.5/go.mod h1:oR4ILS9vCBpS/Fmo+Oj5qwxX8i7uWUOUq30IN4HAaJU=
github.com/gek64/gek v1.0.6 h1:hPTZtQ+hLCb7X31BxgkyFI7QwFbN7C0BiTqD1Imw/9Y=
github.com/gek64/gek v1.0.6/go.mod h1:oR4ILS9vCBpS/Fmo+Oj5qwxX8i7uWUOUq30IN4HAaJU=
